// !$*UTF8*$!
{
	archiveVersion = 1;
	classes = {
	};
	objectVersion = 55;
	objects = {

/* Begin PBXBuildFile section */
		2AD958D7282937C60065380C /* AppDelegate.swift in Sources */ = {isa = PBXBuildFile; fileRef = 2AD958D6282937C60065380C /* AppDelegate.swift */; };
		2AD958D9282937C60065380C /* SceneDelegate.swift in Sources */ = {isa = PBXBuildFile; fileRef = 2AD958D8282937C60065380C /* SceneDelegate.swift */; };
		2AD958DB282937C60065380C /* ViewController.swift in Sources */ = {isa = PBXBuildFile; fileRef = 2AD958DA282937C60065380C /* ViewController.swift */; };
		2AD958DE282937C70065380C /* Main.storyboard in Resources */ = {isa = PBXBuildFile; fileRef = 2AD958DC282937C70065380C /* Main.storyboard */; };
		2AD958E0282937C80065380C /* Assets.xcassets in Resources */ = {isa = PBXBuildFile; fileRef = 2AD958DF282937C80065380C /* Assets.xcassets */; };
		2AD958E3282937C80065380C /* LaunchScreen.storyboard in Resources */ = {isa = PBXBuildFile; fileRef = 2AD958E1282937C80065380C /* LaunchScreen.storyboard */; };
		2AD958EE282937C80065380C /* Assignment6Tests.swift in Sources */ = {isa = PBXBuildFile; fileRef = 2AD958ED282937C80065380C /* Assignment6Tests.swift */; };
		2AD958F8282937C80065380C /* Assignment6UITests.swift in Sources */ = {isa = PBXBuildFile; fileRef = 2AD958F7282937C80065380C /* Assignment6UITests.swift */; };
		2AD958FA282937C80065380C /* Assignment6UITestsLaunchTests.swift in Sources */ = {isa = PBXBuildFile; fileRef = 2AD958F9282937C80065380C /* Assignment6UITestsLaunchTests.swift */; };
		2AD959082829389D0065380C /* SortAndFilterViewController.swift in Sources */ = {isa = PBXBuildFile; fileRef = 2AD959062829389D0065380C /* SortAndFilterViewController.swift */; };
		2AD959092829389D0065380C /* SortAndFilterViewController.xib in Resources */ = {isa = PBXBuildFile; fileRef = 2AD959072829389D0065380C /* SortAndFilterViewController.xib */; };
		2AD9590C282938B90065380C /* ViewControllerModel.swift in Sources */ = {isa = PBXBuildFile; fileRef = 2AD9590B282938B90065380C /* ViewControllerModel.swift */; };
		2AE0B63B282A340100A52351 /* BusesTableViewCell.swift in Sources */ = {isa = PBXBuildFile; fileRef = 2AE0B639282A340100A52351 /* BusesTableViewCell.swift */; };
		2AE0B63C282A340100A52351 /* BusesTableViewCell.xib in Resources */ = {isa = PBXBuildFile; fileRef = 2AE0B63A282A340100A52351 /* BusesTableViewCell.xib */; };
		2AE0B63E282B930C00A52351 /* NetworkManager.swift in Sources */ = {isa = PBXBuildFile; fileRef = 2AE0B63D282B930C00A52351 /* NetworkManager.swift */; };
/* End PBXBuildFile section */

/* Begin PBXContainerItemProxy section */
		2AD958EA282937C80065380C /* PBXContainerItemProxy */ = {
			isa = PBXContainerItemProxy;
			containerPortal = 2AD958CB282937C60065380C /* Project object */;
			proxyType = 1;
			remoteGlobalIDString = 2AD958D2282937C60065380C;
			remoteInfo = Assignment6;
		};
		2AD958F4282937C80065380C /* PBXContainerItemProxy */ = {
			isa = PBXContainerItemProxy;
			containerPortal = 2AD958CB282937C60065380C /* Project object */;
			proxyType = 1;
			remoteGlobalIDString = 2AD958D2282937C60065380C;
			remoteInfo = Assignment6;
		};
/* End PBXContainerItemProxy section */

/* Begin PBXFileReference section */
		2AD958D3282937C60065380C /* Assignment6.app */ = {isa = PBXFileReference; explicitFileType = wrapper.application; includeInIndex = 0; path = Assignment6.app; sourceTree = BUILT_PRODUCTS_DIR; };
		2AD958D6282937C60065380C /* AppDelegate.swift */ = {isa = PBXFileReference; lastKnownFileType = sourcecode.swift; path = AppDelegate.swift; sourceTree = "<group>"; };
		2AD958D8282937C60065380C /* SceneDelegate.swift */ = {isa = PBXFileReference; lastKnownFileType = sourcecode.swift; path = SceneDelegate.swift; sourceTree = "<group>"; };
		2AD958DA282937C60065380C /* ViewController.swift */ = {isa = PBXFileReference; lastKnownFileType = sourcecode.swift; path = ViewController.swift; sourceTree = "<group>"; };
		2AD958DD282937C70065380C /* Base */ = {isa = PBXFileReference; lastKnownFileType = file.storyboard; name = Base; path = Base.lproj/Main.storyboard; sourceTree = "<group>"; };
		2AD958DF282937C80065380C /* Assets.xcassets */ = {isa = PBXFileReference; lastKnownFileType = folder.assetcatalog; path = Assets.xcassets; sourceTree = "<group>"; };
		2AD958E2282937C80065380C /* Base */ = {isa = PBXFileReference; lastKnownFileType = file.storyboard; name = Base; path = Base.lproj/LaunchScreen.storyboard; sourceTree = "<group>"; };
		2AD958E4282937C80065380C /* Info.plist */ = {isa = PBXFileReference; lastKnownFileType = text.plist.xml; path = Info.plist; sourceTree = "<group>"; };
		2AD958E9282937C80065380C /* Assignment6Tests.xctest */ = {isa = PBXFileReference; explicitFileType = wrapper.cfbundle; includeInIndex = 0; path = Assignment6Tests.xctest; sourceTree = BUILT_PRODUCTS_DIR; };
		2AD958ED282937C80065380C /* Assignment6Tests.swift */ = {isa = PBXFileReference; lastKnownFileType = sourcecode.swift; path = Assignment6Tests.swift; sourceTree = "<group>"; };
		2AD958F3282937C80065380C /* Assignment6UITests.xctest */ = {isa = PBXFileReference; explicitFileType = wrapper.cfbundle; includeInIndex = 0; path = Assignment6UITests.xctest; sourceTree = BUILT_PRODUCTS_DIR; };
		2AD958F7282937C80065380C /* Assignment6UITests.swift */ = {isa = PBXFileReference; lastKnownFileType = sourcecode.swift; path = Assignment6UITests.swift; sourceTree = "<group>"; };
		2AD958F9282937C80065380C /* Assignment6UITestsLaunchTests.swift */ = {isa = PBXFileReference; lastKnownFileType = sourcecode.swift; path = Assignment6UITestsLaunchTests.swift; sourceTree = "<group>"; };
		2AD959062829389D0065380C /* SortAndFilterViewController.swift */ = {isa = PBXFileReference; lastKnownFileType = sourcecode.swift; path = SortAndFilterViewController.swift; sourceTree = "<group>"; };
		2AD959072829389D0065380C /* SortAndFilterViewController.xib */ = {isa = PBXFileReference; lastKnownFileType = file.xib; path = SortAndFilterViewController.xib; sourceTree = "<group>"; };
		2AD9590B282938B90065380C /* ViewControllerModel.swift */ = {isa = PBXFileReference; lastKnownFileType = sourcecode.swift; path = ViewControllerModel.swift; sourceTree = "<group>"; };
		2AE0B639282A340100A52351 /* BusesTableViewCell.swift */ = {isa = PBXFileReference; lastKnownFileType = sourcecode.swift; path = BusesTableViewCell.swift; sourceTree = "<group>"; };
		2AE0B63A282A340100A52351 /* BusesTableViewCell.xib */ = {isa = PBXFileReference; lastKnownFileType = file.xib; path = BusesTableViewCell.xib; sourceTree = "<group>"; };
		2AE0B63D282B930C00A52351 /* NetworkManager.swift */ = {isa = PBXFileReference; lastKnownFileType = sourcecode.swift; path = NetworkManager.swift; sourceTree = "<group>"; };
/* End PBXFileReference section */

/* Begin PBXFrameworksBuildPhase section */
		2AD958D0282937C60065380C /* Frameworks */ = {
			isa = PBXFrameworksBuildPhase;
			buildActionMask = 2147483647;
			files = (
			);
			runOnlyForDeploymentPostprocessing = 0;
		};
		2AD958E6282937C80065380C /* Frameworks */ = {
			isa = PBXFrameworksBuildPhase;
			buildActionMask = 2147483647;
			files = (
			);
			runOnlyForDeploymentPostprocessing = 0;
		};
		2AD958F0282937C80065380C /* Frameworks */ = {
			isa = PBXFrameworksBuildPhase;
			buildActionMask = 2147483647;
			files = (
			);
			runOnlyForDeploymentPostprocessing = 0;
		};
/* End PBXFrameworksBuildPhase section */

/* Begin PBXGroup section */
		2AD958CA282937C60065380C = {
			isa = PBXGroup;
			children = (
				2AD958D5282937C60065380C /* Assignment6 */,
				2AD958EC282937C80065380C /* Assignment6Tests */,
				2AD958F6282937C80065380C /* Assignment6UITests */,
				2AD958D4282937C60065380C /* Products */,
			);
			sourceTree = "<group>";
		};
		2AD958D4282937C60065380C /* Products */ = {
			isa = PBXGroup;
			children = (
				2AD958D3282937C60065380C /* Assignment6.app */,
				2AD958E9282937C80065380C /* Assignment6Tests.xctest */,
				2AD958F3282937C80065380C /* Assignment6UITests.xctest */,
			);
			name = Products;
			sourceTree = "<group>";
		};
		2AD958D5282937C60065380C /* Assignment6 */ = {
			isa = PBXGroup;
			children = (
				2AE0B63F282B931800A52351 /* NetworkManager */,
				2AD9590A282938A60065380C /* Model */,
				2AD958D6282937C60065380C /* AppDelegate.swift */,
				2AD958D8282937C60065380C /* SceneDelegate.swift */,
				2AD958DA282937C60065380C /* ViewController.swift */,
				2AD958DC282937C70065380C /* Main.storyboard */,
				2AD958DF282937C80065380C /* Assets.xcassets */,
				2AD958E1282937C80065380C /* LaunchScreen.storyboard */,
				2AD958E4282937C80065380C /* Info.plist */,
				2AD959062829389D0065380C /* SortAndFilterViewController.swift */,
				2AD959072829389D0065380C /* SortAndFilterViewController.xib */,
				2AE0B639282A340100A52351 /* BusesTableViewCell.swift */,
				2AE0B63A282A340100A52351 /* BusesTableViewCell.xib */,
			);
			path = Assignment6;
			sourceTree = "<group>";
		};
		2AD958EC282937C80065380C /* Assignment6Tests */ = {
			isa = PBXGroup;
			children = (
				2AD958ED282937C80065380C /* Assignment6Tests.swift */,
			);
			path = Assignment6Tests;
			sourceTree = "<group>";
		};
		2AD958F6282937C80065380C /* Assignment6UITests */ = {
			isa = PBXGroup;
			children = (
				2AD958F7282937C80065380C /* Assignment6UITests.swift */,
				2AD958F9282937C80065380C /* Assignment6UITestsLaunchTests.swift */,
			);
			path = Assignment6UITests;
			sourceTree = "<group>";
		};
		2AD9590A282938A60065380C /* Model */ = {
			isa = PBXGroup;
			children = (
				2AD9590B282938B90065380C /* ViewControllerModel.swift */,
			);
			path = Model;
			sourceTree = "<group>";
		};
		2AE0B63F282B931800A52351 /* NetworkManager */ = {
			isa = PBXGroup;
			children = (
				2AE0B63D282B930C00A52351 /* NetworkManager.swift */,
			);
			path = NetworkManager;
			sourceTree = "<group>";
		};
/* End PBXGroup section */

/* Begin PBXNativeTarget section */
		2AD958D2282937C60065380C /* Assignment6 */ = {
			isa = PBXNativeTarget;
			buildConfigurationList = 2AD958FD282937C80065380C /* Build configuration list for PBXNativeTarget "Assignment6" */;
			buildPhases = (
				2AD958CF282937C60065380C /* Sources */,
				2AD958D0282937C60065380C /* Frameworks */,
				2AD958D1282937C60065380C /* Resources */,
			);
			buildRules = (
			);
			dependencies = (
			);
			name = Assignment6;
			productName = Assignment6;
			productReference = 2AD958D3282937C60065380C /* Assignment6.app */;
			productType = "com.apple.product-type.application";
		};
		2AD958E8282937C80065380C /* Assignment6Tests */ = {
			isa = PBXNativeTarget;
			buildConfigurationList = 2AD95900282937C80065380C /* Build configuration list for PBXNativeTarget "Assignment6Tests" */;
			buildPhases = (
				2AD958E5282937C80065380C /* Sources */,
				2AD958E6282937C80065380C /* Frameworks */,
				2AD958E7282937C80065380C /* Resources */,
			);
			buildRules = (
			);
			dependencies = (
				2AD958EB282937C80065380C /* PBXTargetDependency */,
			);
			name = Assignment6Tests;
			productName = Assignment6Tests;
			productReference = 2AD958E9282937C80065380C /* Assignment6Tests.xctest */;
			productType = "com.apple.product-type.bundle.unit-test";
		};
		2AD958F2282937C80065380C /* Assignment6UITests */ = {
			isa = PBXNativeTarget;
			buildConfigurationList = 2AD95903282937C80065380C /* Build configuration list for PBXNativeTarget "Assignment6UITests" */;
			buildPhases = (
				2AD958EF282937C80065380C /* Sources */,
				2AD958F0282937C80065380C /* Frameworks */,
				2AD958F1282937C80065380C /* Resources */,
			);
			buildRules = (
			);
			dependencies = (
				2AD958F5282937C80065380C /* PBXTargetDependency */,
			);
			name = Assignment6UITests;
			productName = Assignment6UITests;
			productReference = 2AD958F3282937C80065380C /* Assignment6UITests.xctest */;
			productType = "com.apple.product-type.bundle.ui-testing";
		};
/* End PBXNativeTarget section */

/* Begin PBXProject section */
		2AD958CB282937C60065380C /* Project object */ = {
			isa = PBXProject;
			attributes = {
				BuildIndependentTargetsInParallel = 1;
				LastSwiftUpdateCheck = 1330;
				LastUpgradeCheck = 1330;
				TargetAttributes = {
					2AD958D2282937C60065380C = {
						CreatedOnToolsVersion = 13.3.1;
					};
					2AD958E8282937C80065380C = {
						CreatedOnToolsVersion = 13.3.1;
						TestTargetID = 2AD958D2282937C60065380C;
					};
					2AD958F2282937C80065380C = {
						CreatedOnToolsVersion = 13.3.1;
						TestTargetID = 2AD958D2282937C60065380C;
					};
				};
			};
			buildConfigurationList = 2AD958CE282937C60065380C /* Build configuration list for PBXProject "Assignment6" */;
			compatibilityVersion = "Xcode 13.0";
			developmentRegion = en;
			hasScannedForEncodings = 0;
			knownRegions = (
				en,
				Base,
			);
			mainGroup = 2AD958CA282937C60065380C;
			productRefGroup = 2AD958D4282937C60065380C /* Products */;
			projectDirPath = "";
			projectRoot = "";
			targets = (
				2AD958D2282937C60065380C /* Assignment6 */,
				2AD958E8282937C80065380C /* Assignment6Tests */,
				2AD958F2282937C80065380C /* Assignment6UITests */,
			);
		};
/* End PBXProject section */

/* Begin PBXResourcesBuildPhase section */
		2AD958D1282937C60065380C /* Resources */ = {
			isa = PBXResourcesBuildPhase;
			buildActionMask = 2147483647;
			files = (
				2AD959092829389D0065380C /* SortAndFilterViewController.xib in Resources */,
				2AE0B63C282A340100A52351 /* BusesTableViewCell.xib in Resources */,
				2AD958E3282937C80065380C /* LaunchScreen.storyboard in Resources */,
				2AD958E0282937C80065380C /* Assets.xcassets in Resources */,
				2AD958DE282937C70065380C /* Main.storyboard in Resources */,
			);
			runOnlyForDeploymentPostprocessing = 0;
		};
		2AD958E7282937C80065380C /* Resources */ = {
			isa = PBXResourcesBuildPhase;
			buildActionMask = 2147483647;
			files = (
			);
			runOnlyForDeploymentPostprocessing = 0;
		};
		2AD958F1282937C80065380C /* Resources */ = {
			isa = PBXResourcesBuildPhase;
			buildActionMask = 2147483647;
			files = (
			);
			runOnlyForDeploymentPostprocessing = 0;
		};
/* End PBXResourcesBuildPhase section */

/* Begin PBXSourcesBuildPhase section */
		2AD958CF282937C60065380C /* Sources */ = {
			isa = PBXSourcesBuildPhase;
			buildActionMask = 2147483647;
			files = (
				2AD959082829389D0065380C /* SortAndFilterViewController.swift in Sources */,
				2AD958DB282937C60065380C /* ViewController.swift in Sources */,
				2AD958D7282937C60065380C /* AppDelegate.swift in Sources */,
				2AE0B63E282B930C00A52351 /* NetworkManager.swift in Sources */,
				2AD9590C282938B90065380C /* ViewControllerModel.swift in Sources */,
				2AE0B63B282A340100A52351 /* BusesTableViewCell.swift in Sources */,
				2AD958D9282937C60065380C /* SceneDelegate.swift in Sources */,
			);
			runOnlyForDeploymentPostprocessing = 0;
		};
		2AD958E5282937C80065380C /* Sources */ = {
			isa = PBXSourcesBuildPhase;
			buildActionMask = 2147483647;
			files = (
				2AD958EE282937C80065380C /* Assignment6Tests.swift in Sources */,
			);
			runOnlyForDeploymentPostprocessing = 0;
		};
		2AD958EF282937C80065380C /* Sources */ = {
			isa = PBXSourcesBuildPhase;
			buildActionMask = 2147483647;
			files = (
				2AD958FA282937C80065380C /* Assignment6UITestsLaunchTests.swift in Sources */,
				2AD958F8282937C80065380C /* Assignment6UITests.swift in Sources */,
			);
			runOnlyForDeploymentPostprocessing = 0;
		};
/* End PBXSourcesBuildPhase section */

/* Begin PBXTargetDependency section */
		2AD958EB282937C80065380C /* PBXTargetDependency */ = {
			isa = PBXTargetDependency;
			target = 2AD958D2282937C60065380C /* Assignment6 */;
			targetProxy = 2AD958EA282937C80065380C /* PBXContainerItemProxy */;
		};
		2AD958F5282937C80065380C /* PBXTargetDependency */ = {
			isa = PBXTargetDependency;
			target = 2AD958D2282937C60065380C /* Assignment6 */;
			targetProxy = 2AD958F4282937C80065380C /* PBXContainerItemProxy */;
		};
/* End PBXTargetDependency section */

/* Begin PBXVariantGroup section */
		2AD958DC282937C70065380C /* Main.storyboard */ = {
			isa = PBXVariantGroup;
			children = (
				2AD958DD282937C70065380C /* Base */,
			);
			name = Main.storyboard;
			sourceTree = "<group>";
		};
		2AD958E1282937C80065380C /* LaunchScreen.storyboard */ = {
			isa = PBXVariantGroup;
			children = (
				2AD958E2282937C80065380C /* Base */,
			);
			name = LaunchScreen.storyboard;
			sourceTree = "<group>";
		};
/* End PBXVariantGroup section */

/* Begin XCBuildConfiguration section */
		2AD958FB282937C80065380C /* Debug */ = {
			isa = XCBuildConfiguration;
			buildSettings = {
				ALWAYS_SEARCH_USER_PATHS = NO;
				CLANG_ANALYZER_NONNULL = YES;
				CLANG_ANALYZER_NUMBER_OBJECT_CONVERSION = YES_AGGRESSIVE;
				CLANG_CXX_LANGUAGE_STANDARD = "gnu++17";
				CLANG_ENABLE_MODULES = YES;
				CLANG_ENABLE_OBJC_ARC = YES;
				CLANG_ENABLE_OBJC_WEAK = YES;
				CLANG_WARN_BLOCK_CAPTURE_AUTORELEASING = YES;
				CLANG_WARN_BOOL_CONVERSION = YES;
				CLANG_WARN_COMMA = YES;
				CLANG_WARN_CONSTANT_CONVERSION = YES;
				CLANG_WARN_DEPRECATED_OBJC_IMPLEMENTATIONS = YES;
				CLANG_WARN_DIRECT_OBJC_ISA_USAGE = YES_ERROR;
				CLANG_WARN_DOCUMENTATION_COMMENTS = YES;
				CLANG_WARN_EMPTY_BODY = YES;
				CLANG_WARN_ENUM_CONVERSION = YES;
				CLANG_WARN_INFINITE_RECURSION = YES;
				CLANG_WARN_INT_CONVERSION = YES;
				CLANG_WARN_NON_LITERAL_NULL_CONVERSION = YES;
				CLANG_WARN_OBJC_IMPLICIT_RETAIN_SELF = YES;
				CLANG_WARN_OBJC_LITERAL_CONVERSION = YES;
				CLANG_WARN_OBJC_ROOT_CLASS = YES_ERROR;
				CLANG_WARN_QUOTED_INCLUDE_IN_FRAMEWORK_HEADER = YES;
				CLANG_WARN_RANGE_LOOP_ANALYSIS = YES;
				CLANG_WARN_STRICT_PROTOTYPES = YES;
				CLANG_WARN_SUSPICIOUS_MOVE = YES;
				CLANG_WARN_UNGUARDED_AVAILABILITY = YES_AGGRESSIVE;
				CLANG_WARN_UNREACHABLE_CODE = YES;
				CLANG_WARN__DUPLICATE_METHOD_MATCH = YES;
				COPY_PHASE_STRIP = NO;
				DEBUG_INFORMATION_FORMAT = dwarf;
				ENABLE_STRICT_OBJC_MSGSEND = YES;
				ENABLE_TESTABILITY = YES;
				GCC_C_LANGUAGE_STANDARD = gnu11;
				GCC_DYNAMIC_NO_PIC = NO;
				GCC_NO_COMMON_BLOCKS = YES;
				GCC_OPTIMIZATION_LEVEL = 0;
				GCC_PREPROCESSOR_DEFINITIONS = (
					"DEBUG=1",
					"$(inherited)",
				);
				GCC_WARN_64_TO_32_BIT_CONVERSION = YES;
				GCC_WARN_ABOUT_RETURN_TYPE = YES_ERROR;
				GCC_WARN_UNDECLARED_SELECTOR = YES;
				GCC_WARN_UNINITIALIZED_AUTOS = YES_AGGRESSIVE;
				GCC_WARN_UNUSED_FUNCTION = YES;
				GCC_WARN_UNUSED_VARIABLE = YES;
				IPHONEOS_DEPLOYMENT_TARGET = 15.4;
				MTL_ENABLE_DEBUG_INFO = INCLUDE_SOURCE;
				MTL_FAST_MATH = YES;
				ONLY_ACTIVE_ARCH = YES;
				SDKROOT = iphoneos;
				SWIFT_ACTIVE_COMPILATION_CONDITIONS = DEBUG;
				SWIFT_OPTIMIZATION_LEVEL = "-Onone";
			};
			name = Debug;
		};
		2AD958FC282937C80065380C /* Release */ = {
			isa = XCBuildConfiguration;
			buildSettings = {
				ALWAYS_SEARCH_USER_PATHS = NO;
				CLANG_ANALYZER_NONNULL = YES;
				CLANG_ANALYZER_NUMBER_OBJECT_CONVERSION = YES_AGGRESSIVE;
				CLANG_CXX_LANGUAGE_STANDARD = "gnu++17";
				CLANG_ENABLE_MODULES = YES;
				CLANG_ENABLE_OBJC_ARC = YES;
				CLANG_ENABLE_OBJC_WEAK = YES;
				CLANG_WARN_BLOCK_CAPTURE_AUTORELEASING = YES;
				CLANG_WARN_BOOL_CONVERSION = YES;
				CLANG_WARN_COMMA = YES;
				CLANG_WARN_CONSTANT_CONVERSION = YES;
				CLANG_WARN_DEPRECATED_OBJC_IMPLEMENTATIONS = YES;
				CLANG_WARN_DIRECT_OBJC_ISA_USAGE = YES_ERROR;
				CLANG_WARN_DOCUMENTATION_COMMENTS = YES;
				CLANG_WARN_EMPTY_BODY = YES;
				CLANG_WARN_ENUM_CONVERSION = YES;
				CLANG_WARN_INFINITE_RECURSION = YES;
				CLANG_WARN_INT_CONVERSION = YES;
				CLANG_WARN_NON_LITERAL_NULL_CONVERSION = YES;
				CLANG_WARN_OBJC_IMPLICIT_RETAIN_SELF = YES;
				CLANG_WARN_OBJC_LITERAL_CONVERSION = YES;
				CLANG_WARN_OBJC_ROOT_CLASS = YES_ERROR;
				CLANG_WARN_QUOTED_INCLUDE_IN_FRAMEWORK_HEADER = YES;
				CLANG_WARN_RANGE_LOOP_ANALYSIS = YES;
				CLANG_WARN_STRICT_PROTOTYPES = YES;
				CLANG_WARN_SUSPICIOUS_MOVE = YES;
				CLANG_WARN_UNGUARDED_AVAILABILITY = YES_AGGRESSIVE;
				CLANG_WARN_UNREACHABLE_CODE = YES;
				CLANG_WARN__DUPLICATE_METHOD_MATCH = YES;
				COPY_PHASE_STRIP = NO;
				DEBUG_INFORMATION_FORMAT = "dwarf-with-dsym";
				ENABLE_NS_ASSERTIONS = NO;
				ENABLE_STRICT_OBJC_MSGSEND = YES;
				GCC_C_LANGUAGE_STANDARD = gnu11;
				GCC_NO_COMMON_BLOCKS = YES;
				GCC_WARN_64_TO_32_BIT_CONVERSION = YES;
				GCC_WARN_ABOUT_RETURN_TYPE = YES_ERROR;
				GCC_WARN_UNDECLARED_SELECTOR = YES;
				GCC_WARN_UNINITIALIZED_AUTOS = YES_AGGRESSIVE;
				GCC_WARN_UNUSED_FUNCTION = YES;
				GCC_WARN_UNUSED_VARIABLE = YES;
				IPHONEOS_DEPLOYMENT_TARGET = 15.4;
				MTL_ENABLE_DEBUG_INFO = NO;
				MTL_FAST_MATH = YES;
				SDKROOT = iphoneos;
				SWIFT_COMPILATION_MODE = wholemodule;
				SWIFT_OPTIMIZATION_LEVEL = "-O";
				VALIDATE_PRODUCT = YES;
			};
			name = Release;
		};
		2AD958FE282937C80065380C /* Debug */ = {
			isa = XCBuildConfiguration;
			buildSettings = {
				ASSETCATALOG_COMPILER_APPICON_NAME = AppIcon;
				ASSETCATALOG_COMPILER_GLOBAL_ACCENT_COLOR_NAME = AccentColor;
				CODE_SIGN_STYLE = Automatic;
				CURRENT_PROJECT_VERSION = 1;
				DEVELOPMENT_TEAM = GFYP7LM835;
				GENERATE_INFOPLIST_FILE = YES;
				INFOPLIST_FILE = Assignment6/Info.plist;
				INFOPLIST_KEY_UIApplicationSupportsIndirectInputEvents = YES;
				INFOPLIST_KEY_UILaunchStoryboardName = LaunchScreen;
				INFOPLIST_KEY_UIMainStoryboardFile = Main;
				INFOPLIST_KEY_UISupportedInterfaceOrientations_iPad = "UIInterfaceOrientationPortrait UIInterfaceOrientationPortraitUpsideDown UIInterfaceOrientationLandscapeLeft UIInterfaceOrientationLandscapeRight";
				INFOPLIST_KEY_UISupportedInterfaceOrientations_iPhone = "UIInterfaceOrientationPortrait UIInterfaceOrientationLandscapeLeft UIInterfaceOrientationLandscapeRight";
				LD_RUNPATH_SEARCH_PATHS = (
					"$(inherited)",
					"@executable_path/Frameworks",
				);
				MARKETING_VERSION = 1.0;
				PRODUCT_BUNDLE_IDENTIFIER = kapilshanbhag.Assignment6;
				PRODUCT_NAME = "$(TARGET_NAME)";
				SWIFT_EMIT_LOC_STRINGS = YES;
				SWIFT_VERSION = 5.0;
				TARGETED_DEVICE_FAMILY = "1,2";
			};
			name = Debug;
		};
		2AD958FF282937C80065380C /* Release */ = {
			isa = XCBuildConfiguration;
			buildSettings = {
				ASSETCATALOG_COMPILER_APPICON_NAME = AppIcon;
				ASSETCATALOG_COMPILER_GLOBAL_ACCENT_COLOR_NAME = AccentColor;
				CODE_SIGN_STYLE = Automatic;
				CURRENT_PROJECT_VERSION = 1;
				DEVELOPMENT_TEAM = GFYP7LM835;
				GENERATE_INFOPLIST_FILE = YES;
				INFOPLIST_FILE = Assignment6/Info.plist;
				INFOPLIST_KEY_UIApplicationSupportsIndirectInputEvents = YES;
				INFOPLIST_KEY_UILaunchStoryboardName = LaunchScreen;
				INFOPLIST_KEY_UIMainStoryboardFile = Main;
				INFOPLIST_KEY_UISupportedInterfaceOrientations_iPad = "UIInterfaceOrientationPortrait UIInterfaceOrientationPortraitUpsideDown UIInterfaceOrientationLandscapeLeft UIInterfaceOrientationLandscapeRight";
				INFOPLIST_KEY_UISupportedInterfaceOrientations_iPhone = "UIInterfaceOrientationPortrait UIInterfaceOrientationLandscapeLeft UIInterfaceOrientationLandscapeRight";
				LD_RUNPATH_SEARCH_PATHS = (
					"$(inherited)",
					"@executable_path/Frameworks",
				);
				MARKETING_VERSION = 1.0;
				PRODUCT_BUNDLE_IDENTIFIER = kapilshanbhag.Assignment6;
				PRODUCT_NAME = "$(TARGET_NAME)";
				SWIFT_EMIT_LOC_STRINGS = YES;
				SWIFT_VERSION = 5.0;
				TARGETED_DEVICE_FAMILY = "1,2";
			};
			name = Release;
		};
		2AD95901282937C80065380C /* Debug */ = {
			isa = XCBuildConfiguration;
			buildSettings = {
				ALWAYS_EMBED_SWIFT_STANDARD_LIBRARIES = YES;
				BUNDLE_LOADER = "$(TEST_HOST)";
				CODE_SIGN_STYLE = Automatic;
				CURRENT_PROJECT_VERSION = 1;
				DEVELOPMENT_TEAM = GFYP7LM835;
				GENERATE_INFOPLIST_FILE = YES;
				IPHONEOS_DEPLOYMENT_TARGET = 15.4;
				MARKETING_VERSION = 1.0;
				PRODUCT_BUNDLE_IDENTIFIER = kapilshanbhag.Assignment6Tests;
				PRODUCT_NAME = "$(TARGET_NAME)";
				SWIFT_EMIT_LOC_STRINGS = NO;
				SWIFT_VERSION = 5.0;
				TARGETED_DEVICE_FAMILY = "1,2";
				TEST_HOST = "$(BUILT_PRODUCTS_DIR)/Assignment6.app/Assignment6";
			};
			name = Debug;
		};
		2AD95902282937C80065380C /* Release */ = {
			isa = XCBuildConfiguration;
			buildSettings = {
				ALWAYS_EMBED_SWIFT_STANDARD_LIBRARIES = YES;
				BUNDLE_LOADER = "$(TEST_HOST)";
				CODE_SIGN_STYLE = Automatic;
				CURRENT_PROJECT_VERSION = 1;
				DEVELOPMENT_TEAM = GFYP7LM835;
				GENERATE_INFOPLIST_FILE = YES;
				IPHONEOS_DEPLOYMENT_TARGET = 15.4;
				MARKETING_VERSION = 1.0;
				PRODUCT_BUNDLE_IDENTIFIER = kapilshanbhag.Assignment6Tests;
				PRODUCT_NAME = "$(TARGET_NAME)";
				SWIFT_EMIT_LOC_STRINGS = NO;
				SWIFT_VERSION = 5.0;
				TARGETED_DEVICE_FAMILY = "1,2";
				TEST_HOST = "$(BUILT_PRODUCTS_DIR)/Assignment6.app/Assignment6";
			};
			name = Release;
		};
		2AD95904282937C80065380C /* Debug */ = {
			isa = XCBuildConfiguration;
			buildSettings = {
				ALWAYS_EMBED_SWIFT_STANDARD_LIBRARIES = YES;
				CODE_SIGN_STYLE = Automatic;
				CURRENT_PROJECT_VERSION = 1;
				DEVELOPMENT_TEAM = GFYP7LM835;
				GENERATE_INFOPLIST_FILE = YES;
				MARKETING_VERSION = 1.0;
				PRODUCT_BUNDLE_IDENTIFIER = kapilshanbhag.Assignment6UITests;
				PRODUCT_NAME = "$(TARGET_NAME)";
				SWIFT_EMIT_LOC_STRINGS = NO;
				SWIFT_VERSION = 5.0;
				TARGETED_DEVICE_FAMILY = "1,2";
				TEST_TARGET_NAME = Assignment6;
			};
			name = Debug;
		};
		2AD95905282937C80065380C /* Release */ = {
			isa = XCBuildConfiguration;
			buildSettings = {
				ALWAYS_EMBED_SWIFT_STANDARD_LIBRARIES = YES;
				CODE_SIGN_STYLE = Automatic;
				CURRENT_PROJECT_VERSION = 1;
				DEVELOPMENT_TEAM = GFYP7LM835;
				GENERATE_INFOPLIST_FILE = YES;
				MARKETING_VERSION = 1.0;
				PRODUCT_BUNDLE_IDENTIFIER = kapilshanbhag.Assignment6UITests;
				PRODUCT_NAME = "$(TARGET_NAME)";
				SWIFT_EMIT_LOC_STRINGS = NO;
				SWIFT_VERSION = 5.0;
				TARGETED_DEVICE_FAMILY = "1,2";
				TEST_TARGET_NAME = Assignment6;
			};
			name = Release;
		};
/* End XCBuildConfiguration section */

/* Begin XCConfigurationList section */
		2AD958CE282937C60065380C /* Build configuration list for PBXProject "Assignment6" */ = {
			isa = XCConfigurationList;
			buildConfigurations = (
				2AD958FB282937C80065380C /* Debug */,
				2AD958FC282937C80065380C /* Release */,
			);
			defaultConfigurationIsVisible = 0;
			defaultConfigurationName = Release;
		};
		2AD958FD282937C80065380C /* Build configuration list for PBXNativeTarget "Assignment6" */ = {
			isa = XCConfigurationList;
			buildConfigurations = (
				2AD958FE282937C80065380C /* Debug */,
				2AD958FF282937C80065380C /* Release */,
			);
			defaultConfigurationIsVisible = 0;
			defaultConfigurationName = Release;
		};
		2AD95900282937C80065380C /* Build configuration list for PBXNativeTarget "Assignment6Tests" */ = {
			isa = XCConfigurationList;
			buildConfigurations = (
				2AD95901282937C80065380C /* Debug */,
				2AD95902282937C80065380C /* Release */,
			);
			defaultConfigurationIsVisible = 0;
			defaultConfigurationName = Release;
		};
		2AD95903282937C80065380C /* Build configuration list for PBXNativeTarget "Assignment6UITests" */ = {
			isa = XCConfigurationList;
			buildConfigurations = (
				2AD95904282937C80065380C /* Debug */,
				2AD95905282937C80065380C /* Release */,
			);
			defaultConfigurationIsVisible = 0;
			defaultConfigurationName = Release;
		};
/* End XCConfigurationList section */
	};
	rootObject = 2AD958CB282937C60065380C /* Project object */;
}
